{
  "name": "wildguard-frontend",
  "version": "1.0.0",
  "description": "WildGuard frontend - HTML, CSS, JS (to connect with backend later)",
  "main": "index.js",
  "scripts": {
    "start": "live-server --open=./index.html"
  },
  "author": "Rhodah Mulera",
  "license": "MIT",
  "devDependencies": {
    "live-server": "^1.2.2"
  },
  "dependencies": {
    "axios": "^1.7.9"
  }
}